// !$*UTF8*$!
{
	archiveVersion = 1;
	classes = {
	};
	objectVersion = 55;
	objects = {

/* Begin PBXBuildFile section */
		038CAA0227A05514008F403B /* AppDelegate.swift in Sources */ = {isa = PBXBuildFile; fileRef = 038CAA0127A05514008F403B /* AppDelegate.swift */; };
		038CAA0427A05514008F403B /* SceneDelegate.swift in Sources */ = {isa = PBXBuildFile; fileRef = 038CAA0327A05514008F403B /* SceneDelegate.swift */; };
		038CAA0927A05514008F403B /* Main.storyboard in Resources */ = {isa = PBXBuildFile; fileRef = 038CAA0727A05514008F403B /* Main.storyboard */; };
		038CAA0B27A05519008F403B /* Assets.xcassets in Resources */ = {isa = PBXBuildFile; fileRef = 038CAA0A27A05519008F403B /* Assets.xcassets */; };
		038CAA0E27A05519008F403B /* LaunchScreen.storyboard in Resources */ = {isa = PBXBuildFile; fileRef = 038CAA0C27A05519008F403B /* LaunchScreen.storyboard */; };
		038CAA1627A05746008F403B /* movies.json in Resources */ = {isa = PBXBuildFile; fileRef = 038CAA1527A05746008F403B /* movies.json */; };
		038CAA1927A0740A008F403B /* Movie.swift in Sources */ = {isa = PBXBuildFile; fileRef = 038CAA1827A0740A008F403B /* Movie.swift */; };
		038CAA1D27A0778F008F403B /* PopularMoviesViewController.swift in Sources */ = {isa = PBXBuildFile; fileRef = 038CAA1C27A0778F008F403B /* PopularMoviesViewController.swift */; };
		038CAA2027A077A6008F403B /* PopularMoviesViewModel.swift in Sources */ = {isa = PBXBuildFile; fileRef = 038CAA1F27A077A6008F403B /* PopularMoviesViewModel.swift */; };
		038CAA2627A077EE008F403B /* Observable.swift in Sources */ = {isa = PBXBuildFile; fileRef = 038CAA2527A077EE008F403B /* Observable.swift */; };
		038CAA2827A09360008F403B /* MovieCell.swift in Sources */ = {isa = PBXBuildFile; fileRef = 038CAA2727A09360008F403B /* MovieCell.swift */; };
		03BB6A0F27A0B07C007D65C4 /* Cancellable.swift in Sources */ = {isa = PBXBuildFile; fileRef = 03BB6A0E27A0B07C007D65C4 /* Cancellable.swift */; };
		03BB6A1327A0B0DE007D65C4 /* ImageLoader.swift in Sources */ = {isa = PBXBuildFile; fileRef = 03BB6A1227A0B0DE007D65C4 /* ImageLoader.swift */; };
		03BB6A1527A0B257007D65C4 /* MovieCell.xib in Resources */ = {isa = PBXBuildFile; fileRef = 03BB6A1427A0B257007D65C4 /* MovieCell.xib */; };
/* End PBXBuildFile section */

/* Begin PBXFileReference section */
		038CA9FE27A05514008F403B /* Async Image Loading.app */ = {isa = PBXFileReference; explicitFileType = wrapper.application; includeInIndex = 0; path = "Async Image Loading.app"; sourceTree = BUILT_PRODUCTS_DIR; };
		038CAA0127A05514008F403B /* AppDelegate.swift */ = {isa = PBXFileReference; lastKnownFileType = sourcecode.swift; path = AppDelegate.swift; sourceTree = "<group>"; };
		038CAA0327A05514008F403B /* SceneDelegate.swift */ = {isa = PBXFileReference; lastKnownFileType = sourcecode.swift; path = SceneDelegate.swift; sourceTree = "<group>"; };
		038CAA0827A05514008F403B /* Base */ = {isa = PBXFileReference; lastKnownFileType = file.storyboard; name = Base; path = Base.lproj/Main.storyboard; sourceTree = "<group>"; };
		038CAA0A27A05519008F403B /* Assets.xcassets */ = {isa = PBXFileReference; lastKnownFileType = folder.assetcatalog; path = Assets.xcassets; sourceTree = "<group>"; };
		038CAA0D27A05519008F403B /* Base */ = {isa = PBXFileReference; lastKnownFileType = file.storyboard; name = Base; path = Base.lproj/LaunchScreen.storyboard; sourceTree = "<group>"; };
		038CAA0F27A05519008F403B /* Info.plist */ = {isa = PBXFileReference; lastKnownFileType = text.plist.xml; path = Info.plist; sourceTree = "<group>"; };
		038CAA1527A05746008F403B /* movies.json */ = {isa = PBXFileReference; lastKnownFileType = text.json; path = movies.json; sourceTree = "<group>"; };
		038CAA1827A0740A008F403B /* Movie.swift */ = {isa = PBXFileReference; lastKnownFileType = sourcecode.swift; path = Movie.swift; sourceTree = "<group>"; };
		038CAA1C27A0778F008F403B /* PopularMoviesViewController.swift */ = {isa = PBXFileReference; lastKnownFileType = sourcecode.swift; path = PopularMoviesViewController.swift; sourceTree = "<group>"; };
		038CAA1F27A077A6008F403B /* PopularMoviesViewModel.swift */ = {isa = PBXFileReference; lastKnownFileType = sourcecode.swift; path = PopularMoviesViewModel.swift; sourceTree = "<group>"; };
		038CAA2527A077EE008F403B /* Observable.swift */ = {isa = PBXFileReference; lastKnownFileType = sourcecode.swift; path = Observable.swift; sourceTree = "<group>"; };
		038CAA2727A09360008F403B /* MovieCell.swift */ = {isa = PBXFileReference; lastKnownFileType = sourcecode.swift; path = MovieCell.swift; sourceTree = "<group>"; };
		03BB6A0E27A0B07C007D65C4 /* Cancellable.swift */ = {isa = PBXFileReference; lastKnownFileType = sourcecode.swift; path = Cancellable.swift; sourceTree = "<group>"; };
		03BB6A1227A0B0DE007D65C4 /* ImageLoader.swift */ = {isa = PBXFileReference; lastKnownFileType = sourcecode.swift; path = ImageLoader.swift; sourceTree = "<group>"; };
		03BB6A1427A0B257007D65C4 /* MovieCell.xib */ = {isa = PBXFileReference; lastKnownFileType = file.xib; path = MovieCell.xib; sourceTree = "<group>"; };
/* End PBXFileReference section */

/* Begin PBXFrameworksBuildPhase section */
		038CA9FB27A05514008F403B /* Frameworks */ = {
			isa = PBXFrameworksBuildPhase;
			buildActionMask = 2147483647;
			files = (
			);
			runOnlyForDeploymentPostprocessing = 0;
		};
/* End PBXFrameworksBuildPhase section */

/* Begin PBXGroup section */
		031C591327A0BA21007E254B /* Protocol */ = {
			isa = PBXGroup;
			children = (
				03BB6A0E27A0B07C007D65C4 /* Cancellable.swift */,
			);
			path = Protocol;
			sourceTree = "<group>";
		};
		031C591427A0BA2E007E254B /* Image Loader */ = {
			isa = PBXGroup;
			children = (
				03BB6A1227A0B0DE007D65C4 /* ImageLoader.swift */,
			);
			path = "Image Loader";
			sourceTree = "<group>";
		};
		031C591527A0BA3E007E254B /* Delegates */ = {
			isa = PBXGroup;
			children = (
				038CAA0127A05514008F403B /* AppDelegate.swift */,
				038CAA0327A05514008F403B /* SceneDelegate.swift */,
			);
			path = Delegates;
			sourceTree = "<group>";
		};
		031C591627A0BAC1007E254B /* App */ = {
			isa = PBXGroup;
			children = (
				038CAA1A27A07760008F403B /* Popular Movies */,
			);
			path = App;
			sourceTree = "<group>";
		};
		031C591727A0BACA007E254B /* Utility */ = {
			isa = PBXGroup;
			children = (
				038CAA0A27A05519008F403B /* Assets.xcassets */,
				031C591427A0BA2E007E254B /* Image Loader */,
				038CAA2427A077DC008F403B /* Observable */,
				031C591327A0BA21007E254B /* Protocol */,
			);
			path = Utility;
			sourceTree = "<group>";
		};
		031C591827A0BAF0007E254B /* Storyboards */ = {
			isa = PBXGroup;
			children = (
				038CAA0C27A05519008F403B /* LaunchScreen.storyboard */,
				038CAA0727A05514008F403B /* Main.storyboard */,
			);
			path = Storyboards;
			sourceTree = "<group>";
		};
		031C591927A0BB0B007E254B /* Support */ = {
			isa = PBXGroup;
			children = (
				038CAA0F27A05519008F403B /* Info.plist */,
				038CAA1527A05746008F403B /* movies.json */,
			);
			path = Support;
			sourceTree = "<group>";
		};
		038CA9F527A05514008F403B = {
			isa = PBXGroup;
			children = (
				038CAA0027A05514008F403B /* Async Image Loading */,
				038CA9FF27A05514008F403B /* Products */,
			);
			sourceTree = "<group>";
		};
		038CA9FF27A05514008F403B /* Products */ = {
			isa = PBXGroup;
			children = (
				038CA9FE27A05514008F403B /* Async Image Loading.app */,
			);
			name = Products;
			sourceTree = "<group>";
		};
		038CAA0027A05514008F403B /* Async Image Loading */ = {
			isa = PBXGroup;
			children = (
				031C591627A0BAC1007E254B /* App */,
				031C591527A0BA3E007E254B /* Delegates */,
				031C591827A0BAF0007E254B /* Storyboards */,
				031C591927A0BB0B007E254B /* Support */,
				031C591727A0BACA007E254B /* Utility */,
			);
			path = "Async Image Loading";
			sourceTree = "<group>";
		};
		038CAA1A27A07760008F403B /* Popular Movies */ = {
			isa = PBXGroup;
			children = (
				038CAA2127A077AC008F403B /* Model */,
				038CAA1B27A0776D008F403B /* ViewController */,
				038CAA1E27A07795008F403B /* ViewModel */,
			);
			path = "Popular Movies";
			sourceTree = "<group>";
		};
		038CAA1B27A0776D008F403B /* ViewController */ = {
			isa = PBXGroup;
			children = (
				03BB6A1627A0B26E007D65C4 /* MovieCell */,
				038CAA1C27A0778F008F403B /* PopularMoviesViewController.swift */,
			);
			path = ViewController;
			sourceTree = "<group>";
		};
		038CAA1E27A07795008F403B /* ViewModel */ = {
			isa = PBXGroup;
			children = (
				038CAA1F27A077A6008F403B /* PopularMoviesViewModel.swift */,
			);
			path = ViewModel;
			sourceTree = "<group>";
		};
		038CAA2127A077AC008F403B /* Model */ = {
			isa = PBXGroup;
			children = (
				038CAA1827A0740A008F403B /* Movie.swift */,
			);
			path = Model;
			sourceTree = "<group>";
		};
		038CAA2427A077DC008F403B /* Observable */ = {
			isa = PBXGroup;
			children = (
				038CAA2527A077EE008F403B /* Observable.swift */,
			);
			path = Observable;
			sourceTree = "<group>";
		};
		03BB6A1627A0B26E007D65C4 /* MovieCell */ = {
			isa = PBXGroup;
			children = (
				038CAA2727A09360008F403B /* MovieCell.swift */,
				03BB6A1427A0B257007D65C4 /* MovieCell.xib */,
			);
			path = MovieCell;
			sourceTree = "<group>";
		};
/* End PBXGroup section */

/* Begin PBXNativeTarget section */
		038CA9FD27A05514008F403B /* Async Image Loading */ = {
			isa = PBXNativeTarget;
			buildConfigurationList = 038CAA1227A05519008F403B /* Build configuration list for PBXNativeTarget "Async Image Loading" */;
			buildPhases = (
				038CA9FA27A05514008F403B /* Sources */,
				038CA9FB27A05514008F403B /* Frameworks */,
				038CA9FC27A05514008F403B /* Resources */,
			);
			buildRules = (
			);
			dependencies = (
			);
			name = "Async Image Loading";
			productName = "Async Image Loading";
			productReference = 038CA9FE27A05514008F403B /* Async Image Loading.app */;
			productType = "com.apple.product-type.application";
		};
/* End PBXNativeTarget section */

/* Begin PBXProject section */
		038CA9F627A05514008F403B /* Project object */ = {
			isa = PBXProject;
			attributes = {
				BuildIndependentTargetsInParallel = 1;
				LastSwiftUpdateCheck = 1300;
				LastUpgradeCheck = 1300;
				TargetAttributes = {
					038CA9FD27A05514008F403B = {
						CreatedOnToolsVersion = 13.0;
					};
				};
			};
			buildConfigurationList = 038CA9F927A05514008F403B /* Build configuration list for PBXProject "Async Image Loading" */;
			compatibilityVersion = "Xcode 13.0";
			developmentRegion = en;
			hasScannedForEncodings = 0;
			knownRegions = (
				en,
				Base,
			);
			mainGroup = 038CA9F527A05514008F403B;
			productRefGroup = 038CA9FF27A05514008F403B /* Products */;
			projectDirPath = "";
			projectRoot = "";
			targets = (
				038CA9FD27A05514008F403B /* Async Image Loading */,
			);
		};
/* End PBXProject section */

/* Begin PBXResourcesBuildPhase section */
		038CA9FC27A05514008F403B /* Resources */ = {
			isa = PBXResourcesBuildPhase;
			buildActionMask = 2147483647;
			files = (
				038CAA0E27A05519008F403B /* LaunchScreen.storyboard in Resources */,
				038CAA0B27A05519008F403B /* Assets.xcassets in Resources */,
				038CAA1627A05746008F403B /* movies.json in Resources */,
				038CAA0927A05514008F403B /* Main.storyboard in Resources */,
				03BB6A1527A0B257007D65C4 /* MovieCell.xib in Resources */,
			);
			runOnlyForDeploymentPostprocessing = 0;
		};
/* End PBXResourcesBuildPhase section */

/* Begin PBXSourcesBuildPhase section */
		038CA9FA27A05514008F403B /* Sources */ = {
			isa = PBXSourcesBuildPhase;
			buildActionMask = 2147483647;
			files = (
				03BB6A0F27A0B07C007D65C4 /* Cancellable.swift in Sources */,
				03BB6A1327A0B0DE007D65C4 /* ImageLoader.swift in Sources */,
				038CAA0227A05514008F403B /* AppDelegate.swift in Sources */,
				038CAA2827A09360008F403B /* MovieCell.swift in Sources */,
				038CAA1927A0740A008F403B /* Movie.swift in Sources */,
				038CAA2627A077EE008F403B /* Observable.swift in Sources */,
				038CAA0427A05514008F403B /* SceneDelegate.swift in Sources */,
				038CAA1D27A0778F008F403B /* PopularMoviesViewController.swift in Sources */,
				038CAA2027A077A6008F403B /* PopularMoviesViewModel.swift in Sources */,
			);
			runOnlyForDeploymentPostprocessing = 0;
		};
/* End PBXSourcesBuildPhase section */

/* Begin PBXVariantGroup section */
		038CAA0727A05514008F403B /* Main.storyboard */ = {
			isa = PBXVariantGroup;
			children = (
				038CAA0827A05514008F403B /* Base */,
			);
			name = Main.storyboard;
			sourceTree = "<group>";
		};
		038CAA0C27A05519008F403B /* LaunchScreen.storyboard */ = {
			isa = PBXVariantGroup;
			children = (
				038CAA0D27A05519008F403B /* Base */,
			);
			name = LaunchScreen.storyboard;
			sourceTree = "<group>";
		};
/* End PBXVariantGroup section */

/* Begin XCBuildConfiguration section */
		038CAA1027A05519008F403B /* Debug */ = {
			isa = XCBuildConfiguration;
			buildSettings = {
				ALWAYS_SEARCH_USER_PATHS = NO;
				CLANG_ANALYZER_NONNULL = YES;
				CLANG_ANALYZER_NUMBER_OBJECT_CONVERSION = YES_AGGRESSIVE;
				CLANG_CXX_LANGUAGE_STANDARD = "gnu++17";
				CLANG_CXX_LIBRARY = "libc++";
				CLANG_ENABLE_MODULES = YES;
				CLANG_ENABLE_OBJC_ARC = YES;
				CLANG_ENABLE_OBJC_WEAK = YES;
				CLANG_WARN_BLOCK_CAPTURE_AUTORELEASING = YES;
				CLANG_WARN_BOOL_CONVERSION = YES;
				CLANG_WARN_COMMA = YES;
				CLANG_WARN_CONSTANT_CONVERSION = YES;
				CLANG_WARN_DEPRECATED_OBJC_IMPLEMENTATIONS = YES;
				CLANG_WARN_DIRECT_OBJC_ISA_USAGE = YES_ERROR;
				CLANG_WARN_DOCUMENTATION_COMMENTS = YES;
				CLANG_WARN_EMPTY_BODY = YES;
				CLANG_WARN_ENUM_CONVERSION = YES;
				CLANG_WARN_INFINITE_RECURSION = YES;
				CLANG_WARN_INT_CONVERSION = YES;
				CLANG_WARN_NON_LITERAL_NULL_CONVERSION = YES;
				CLANG_WARN_OBJC_IMPLICIT_RETAIN_SELF = YES;
				CLANG_WARN_OBJC_LITERAL_CONVERSION = YES;
				CLANG_WARN_OBJC_ROOT_CLASS = YES_ERROR;
				CLANG_WARN_QUOTED_INCLUDE_IN_FRAMEWORK_HEADER = YES;
				CLANG_WARN_RANGE_LOOP_ANALYSIS = YES;
				CLANG_WARN_STRICT_PROTOTYPES = YES;
				CLANG_WARN_SUSPICIOUS_MOVE = YES;
				CLANG_WARN_UNGUARDED_AVAILABILITY = YES_AGGRESSIVE;
				CLANG_WARN_UNREACHABLE_CODE = YES;
				CLANG_WARN__DUPLICATE_METHOD_MATCH = YES;
				COPY_PHASE_STRIP = NO;
				DEBUG_INFORMATION_FORMAT = dwarf;
				ENABLE_STRICT_OBJC_MSGSEND = YES;
				ENABLE_TESTABILITY = YES;
				GCC_C_LANGUAGE_STANDARD = gnu11;
				GCC_DYNAMIC_NO_PIC = NO;
				GCC_NO_COMMON_BLOCKS = YES;
				GCC_OPTIMIZATION_LEVEL = 0;
				GCC_PREPROCESSOR_DEFINITIONS = (
					"DEBUG=1",
					"$(inherited)",
				);
				GCC_WARN_64_TO_32_BIT_CONVERSION = YES;
				GCC_WARN_ABOUT_RETURN_TYPE = YES_ERROR;
				GCC_WARN_UNDECLARED_SELECTOR = YES;
				GCC_WARN_UNINITIALIZED_AUTOS = YES_AGGRESSIVE;
				GCC_WARN_UNUSED_FUNCTION = YES;
				GCC_WARN_UNUSED_VARIABLE = YES;
				IPHONEOS_DEPLOYMENT_TARGET = 15.0;
				MTL_ENABLE_DEBUG_INFO = INCLUDE_SOURCE;
				MTL_FAST_MATH = YES;
				ONLY_ACTIVE_ARCH = YES;
				SDKROOT = iphoneos;
				SWIFT_ACTIVE_COMPILATION_CONDITIONS = DEBUG;
				SWIFT_OPTIMIZATION_LEVEL = "-Onone";
			};
			name = Debug;
		};
		038CAA1127A05519008F403B /* Release */ = {
			isa = XCBuildConfiguration;
			buildSettings = {
				ALWAYS_SEARCH_USER_PATHS = NO;
				CLANG_ANALYZER_NONNULL = YES;
				CLANG_ANALYZER_NUMBER_OBJECT_CONVERSION = YES_AGGRESSIVE;
				CLANG_CXX_LANGUAGE_STANDARD = "gnu++17";
				CLANG_CXX_LIBRARY = "libc++";
				CLANG_ENABLE_MODULES = YES;
				CLANG_ENABLE_OBJC_ARC = YES;
				CLANG_ENABLE_OBJC_WEAK = YES;
				CLANG_WARN_BLOCK_CAPTURE_AUTORELEASING = YES;
				CLANG_WARN_BOOL_CONVERSION = YES;
				CLANG_WARN_COMMA = YES;
				CLANG_WARN_CONSTANT_CONVERSION = YES;
				CLANG_WARN_DEPRECATED_OBJC_IMPLEMENTATIONS = YES;
				CLANG_WARN_DIRECT_OBJC_ISA_USAGE = YES_ERROR;
				CLANG_WARN_DOCUMENTATION_COMMENTS = YES;
				CLANG_WARN_EMPTY_BODY = YES;
				CLANG_WARN_ENUM_CONVERSION = YES;
				CLANG_WARN_INFINITE_RECURSION = YES;
				CLANG_WARN_INT_CONVERSION = YES;
				CLANG_WARN_NON_LITERAL_NULL_CONVERSION = YES;
				CLANG_WARN_OBJC_IMPLICIT_RETAIN_SELF = YES;
				CLANG_WARN_OBJC_LITERAL_CONVERSION = YES;
				CLANG_WARN_OBJC_ROOT_CLASS = YES_ERROR;
				CLANG_WARN_QUOTED_INCLUDE_IN_FRAMEWORK_HEADER = YES;
				CLANG_WARN_RANGE_LOOP_ANALYSIS = YES;
				CLANG_WARN_STRICT_PROTOTYPES = YES;
				CLANG_WARN_SUSPICIOUS_MOVE = YES;
				CLANG_WARN_UNGUARDED_AVAILABILITY = YES_AGGRESSIVE;
				CLANG_WARN_UNREACHABLE_CODE = YES;
				CLANG_WARN__DUPLICATE_METHOD_MATCH = YES;
				COPY_PHASE_STRIP = NO;
				DEBUG_INFORMATION_FORMAT = "dwarf-with-dsym";
				ENABLE_NS_ASSERTIONS = NO;
				ENABLE_STRICT_OBJC_MSGSEND = YES;
				GCC_C_LANGUAGE_STANDARD = gnu11;
				GCC_NO_COMMON_BLOCKS = YES;
				GCC_WARN_64_TO_32_BIT_CONVERSION = YES;
				GCC_WARN_ABOUT_RETURN_TYPE = YES_ERROR;
				GCC_WARN_UNDECLARED_SELECTOR = YES;
				GCC_WARN_UNINITIALIZED_AUTOS = YES_AGGRESSIVE;
				GCC_WARN_UNUSED_FUNCTION = YES;
				GCC_WARN_UNUSED_VARIABLE = YES;
				IPHONEOS_DEPLOYMENT_TARGET = 15.0;
				MTL_ENABLE_DEBUG_INFO = NO;
				MTL_FAST_MATH = YES;
				SDKROOT = iphoneos;
				SWIFT_COMPILATION_MODE = wholemodule;
				SWIFT_OPTIMIZATION_LEVEL = "-O";
				VALIDATE_PRODUCT = YES;
			};
			name = Release;
		};
		038CAA1327A05519008F403B /* Debug */ = {
			isa = XCBuildConfiguration;
			buildSettings = {
				ASSETCATALOG_COMPILER_APPICON_NAME = AppIcon;
				ASSETCATALOG_COMPILER_GLOBAL_ACCENT_COLOR_NAME = AccentColor;
				CODE_SIGN_STYLE = Automatic;
				CURRENT_PROJECT_VERSION = 1;
				GENERATE_INFOPLIST_FILE = YES;
				INFOPLIST_FILE = "Async Image Loading/Support/Info.plist";
				INFOPLIST_KEY_UIApplicationSupportsIndirectInputEvents = YES;
				INFOPLIST_KEY_UILaunchStoryboardName = LaunchScreen;
				INFOPLIST_KEY_UIMainStoryboardFile = Main;
				INFOPLIST_KEY_UISupportedInterfaceOrientations_iPad = "UIInterfaceOrientationPortrait UIInterfaceOrientationPortraitUpsideDown UIInterfaceOrientationLandscapeLeft UIInterfaceOrientationLandscapeRight";
				INFOPLIST_KEY_UISupportedInterfaceOrientations_iPhone = "UIInterfaceOrientationPortrait UIInterfaceOrientationLandscapeLeft UIInterfaceOrientationLandscapeRight";
				LD_RUNPATH_SEARCH_PATHS = (
					"$(inherited)",
					"@executable_path/Frameworks",
				);
				MARKETING_VERSION = 1.0;
				PRODUCT_BUNDLE_IDENTIFIER = "com.rxtr007.Async-Image-Loading";
				PRODUCT_NAME = "$(TARGET_NAME)";
				SWIFT_EMIT_LOC_STRINGS = YES;
				SWIFT_VERSION = 5.0;
				TARGETED_DEVICE_FAMILY = "1,2";
			};
			name = Debug;
		};
		038CAA1427A05519008F403B /* Release */ = {
			isa = XCBuildConfiguration;
			buildSettings = {
				ASSETCATALOG_COMPILER_APPICON_NAME = AppIcon;
				ASSETCATALOG_COMPILER_GLOBAL_ACCENT_COLOR_NAME = AccentColor;
				CODE_SIGN_STYLE = Automatic;
				CURRENT_PROJECT_VERSION = 1;
				GENERATE_INFOPLIST_FILE = YES;
				INFOPLIST_FILE = "Async Image Loading/Support/Info.plist";
				INFOPLIST_KEY_UIApplicationSupportsIndirectInputEvents = YES;
				INFOPLIST_KEY_UILaunchStoryboardName = LaunchScreen;
				INFOPLIST_KEY_UIMainStoryboardFile = Main;
				INFOPLIST_KEY_UISupportedInterfaceOrientations_iPad = "UIInterfaceOrientationPortrait UIInterfaceOrientationPortraitUpsideDown UIInterfaceOrientationLandscapeLeft UIInterfaceOrientationLandscapeRight";
				INFOPLIST_KEY_UISupportedInterfaceOrientations_iPhone = "UIInterfaceOrientationPortrait UIInterfaceOrientationLandscapeLeft UIInterfaceOrientationLandscapeRight";
				LD_RUNPATH_SEARCH_PATHS = (
					"$(inherited)",
					"@executable_path/Frameworks",
				);
				MARKETING_VERSION = 1.0;
				PRODUCT_BUNDLE_IDENTIFIER = "com.rxtr007.Async-Image-Loading";
				PRODUCT_NAME = "$(TARGET_NAME)";
				SWIFT_EMIT_LOC_STRINGS = YES;
				SWIFT_VERSION = 5.0;
				TARGETED_DEVICE_FAMILY = "1,2";
			};
			name = Release;
		};
/* End XCBuildConfiguration section */

/* Begin XCConfigurationList section */
		038CA9F927A05514008F403B /* Build configuration list for PBXProject "Async Image Loading" */ = {
			isa = XCConfigurationList;
			buildConfigurations = (
				038CAA1027A05519008F403B /* Debug */,
				038CAA1127A05519008F403B /* Release */,
			);
			defaultConfigurationIsVisible = 0;
			defaultConfigurationName = Release;
		};
		038CAA1227A05519008F403B /* Build configuration list for PBXNativeTarget "Async Image Loading" */ = {
			isa = XCConfigurationList;
			buildConfigurations = (
				038CAA1327A05519008F403B /* Debug */,
				038CAA1427A05519008F403B /* Release */,
			);
			defaultConfigurationIsVisible = 0;
			defaultConfigurationName = Release;
		};
/* End XCConfigurationList section */
	};
	rootObject = 038CA9F627A05514008F403B /* Project object */;
}
